
Microsoft Visual Studio Solution File, Format Version 12.00
# Visual Studio 15
VisualStudioVersion = 15.0.28307.1927
MinimumVisualStudioVersion = 10.0.40219.1
Project("{FAE04EC0-301F-11D3-BF4B-00C04F79EFBC}") = "Proyecto KY", "Proyecto KY\Proyecto KY.csproj", "{A2441EBD-DA08-4ECB-A732-B4805DA4F4A3}"
EndProject
Project("{FAE04EC0-301F-11D3-BF4B-00C04F79EFBC}") = "Accesos", "ClassLibrary1\Accesos.csproj", "{580CE9B8-9014-492F-AF89-EDF4E4D9E56F}"
EndProject
Project("{FAE04EC0-301F-11D3-BF4B-00C04F79EFBC}") = "Clases", "Clases\Clases.csproj", "{A2AF569B-9721-4BCB-A6E5-197802F82383}"
EndProject
Global
	GlobalSection(SolutionConfigurationPlatforms) = preSolution
		Debug|Any CPU = Debug|Any CPU
		Release|Any CPU = Release|Any CPU
	EndGlobalSection
	GlobalSection(ProjectConfigurationPlatforms) = postSolution
		{A2441EBD-DA08-4ECB-A732-B4805DA4F4A3}.Debug|Any CPU.ActiveCfg = Debug|Any CPU
		{A2441EBD-DA08-4ECB-A732-B4805DA4F4A3}.Debug|Any CPU.Build.0 = Debug|Any CPU
		{A2441EBD-DA08-4ECB-A732-B4805DA4F4A3}.Release|Any CPU.ActiveCfg = Release|Any CPU
		{A2441EBD-DA08-4ECB-A732-B4805DA4F4A3}.Release|Any CPU.Build.0 = Release|Any CPU
		{580CE9B8-9014-492F-AF89-EDF4E4D9E56F}.Debug|Any CPU.ActiveCfg = Debug|Any CPU
		{580CE9B8-9014-492F-AF89-EDF4E4D9E56F}.Debug|Any CPU.Build.0 = Debug|Any CPU
		{580CE9B8-9014-492F-AF89-EDF4E4D9E56F}.Release|Any CPU.ActiveCfg = Release|Any CPU
		{580CE9B8-9014-492F-AF89-EDF4E4D9E56F}.Release|Any CPU.Build.0 = Release|Any CPU
		{A2AF569B-9721-4BCB-A6E5-197802F82383}.Debug|Any CPU.ActiveCfg = Debug|Any CPU
		{A2AF569B-9721-4BCB-A6E5-197802F82383}.Debug|Any CPU.Build.0 = Debug|Any CPU
		{A2AF569B-9721-4BCB-A6E5-197802F82383}.Release|Any CPU.ActiveCfg = Release|Any CPU
		{A2AF569B-9721-4BCB-A6E5-197802F82383}.Release|Any CPU.Build.0 = Release|Any CPU
	EndGlobalSection
	GlobalSection(SolutionProperties) = preSolution
		HideSolutionNode = FALSE
	EndGlobalSection
	GlobalSection(ExtensibilityGlobals) = postSolution
		SolutionGuid = {87EBE303-6134-4181-BDB4-4D0CFB31DCB5}
	EndGlobalSection
EndGlobal
